{
  "name": "angular-material",
  "version": "0.0.0",
  "lockfileVersion": 1,
  "requires": true,
  "dependencies": {
    "@angular/cdk": {
      "version": "2.0.0-beta.11",
      "resolved": "https://registry.npmjs.org/@angular/cdk/-/cdk-2.0.0-beta.11.tgz",
      "integrity": "sha512-sbOqPoC439SDmpLiMq2XjidMMCJ6ofToDew4IXd9ne0jLSd0gGU20tTrRHf79HMTmlAySP7PBOq4Wv1eOFu/8A==",
      "requires": {
        "tslib": "1.7.1"
      }
    },
    "@angular/material": {
      "version": "2.0.0-beta.11",
      "resolved": "https://registry.npmjs.org/@angular/material/-/material-2.0.0-beta.11.tgz",
      "integrity": "sha512-k4eyil3n8aHqqS3Fq4N77XvF3bcXA2Ttgf9ujDZwXmMd2NlR4XL+LJrguPLwNSQ6i3EYT+ovE2p4XUu2nkHVeQ==",
      "requires": {
        "tslib": "1.7.1"
      }
    },
    "apollo-angular": {
      "version": "0.13.1",
      "resolved": "https://registry.npmjs.org/apollo-angular/-/apollo-angular-0.13.1.tgz",
      "integrity": "sha512-9SsD3EHyrKGPuHhN622J9ZdeYhX6e70AzG4RZ0JkW0io1Jvhlp5o1ysTeSgQJdY3nSdxrnoB2Ncwbddl/pHM/w==",
      "requires": {
        "apollo-client-rxjs": "0.6.0-rc.1"
      }
    },
    "apollo-client-rxjs": {
      "version": "0.6.0-rc.1",
      "resolved": "https://registry.npmjs.org/apollo-client-rxjs/-/apollo-client-rxjs-0.6.0-rc.1.tgz",
      "integrity": "sha512-6ZqFjQrQkKR63g4w6QNRnEDIb7EVBSsZQ2WOSDYEZv9364MzeJ19oM51DcwnqeMOdxgCQ3ajljSSKtQNnmDuYg=="
    },
    "graphql-tag": {
      "version": "2.4.2",
      "resolved": "https://registry.npmjs.org/graphql-tag/-/graphql-tag-2.4.2.tgz",
      "integrity": "sha1-amMpfYUi0DorctJvGyOaqzQ4QM0="
    },
    "tslib": {
      "version": "1.7.1",
      "resolved": "https://registry.npmjs.org/tslib/-/tslib-1.7.1.tgz",
      "integrity": "sha1-vIAEFkaRkjp5/oN4u+s9ogF1OOw="
    }
  }
}
